
Microsoft Visual Studio Solution File, Format Version 12.00
Project("{FAE04EC0-301F-11D3-BF4B-00C04F79EFBC}") = "WebAPIApplication", "WebAPIApplication.csproj", "{E45E6ED2-059A-48A3-86BF-C949C4B43634}"
EndProject
Global
	GlobalSection(SolutionConfigurationPlatforms) = preSolution
		Debug|Any CPU = Debug|Any CPU
		Release|Any CPU = Release|Any CPU
	EndGlobalSection
	GlobalSection(ProjectConfigurationPlatforms) = postSolution
		{E45E6ED2-059A-48A3-86BF-C949C4B43634}.Debug|Any CPU.ActiveCfg = Debug|Any CPU
		{E45E6ED2-059A-48A3-86BF-C949C4B43634}.Debug|Any CPU.Build.0 = Debug|Any CPU
		{E45E6ED2-059A-48A3-86BF-C949C4B43634}.Release|Any CPU.ActiveCfg = Release|Any CPU
		{E45E6ED2-059A-48A3-86BF-C949C4B43634}.Release|Any CPU.Build.0 = Release|Any CPU
	EndGlobalSection
EndGlobal
